{
  "name": "frontend",
  "version": "1.0.0",
  "lockfileVersion": 3,
  "requires": true,
  "packages": {
    "": {
      "name": "frontend",
      "version": "1.0.0",
      "license": "ISC",
      "dependencies": {
        "hono": "^4.4.6"
      }
    },
    "node_modules/hono": {
      "version": "4.4.6",
      "resolved": "https://registry.npmjs.org/hono/-/hono-4.4.6.tgz",
      "integrity": "sha512-XGRnoH8WONv60+PPvP9Sn067A9r/8JdHDJ5bgon0DVEHeR1cJPkWjv2aT+DBfMH9/mEkYa1+VEVFp1DT1lIwjw==",
      "engines": {
        "node": ">=16.0.0"
      }
    }
  }
}
